
Microsoft Visual Studio Solution File, Format Version 12.00
# Visual Studio Version 16
VisualStudioVersion = 16.0.31402.337
MinimumVisualStudioVersion = 10.0.40219.1
Project("{FAE04EC0-301F-11D3-BF4B-00C04F79EFBC}") = "SchoolSystemApi", "SchoolSystemApi\SchoolSystemApi.csproj", "{69A3CEA3-0D2D-480A-9370-F3CF4EDA3A38}"
EndProject
Global
	GlobalSection(SolutionConfigurationPlatforms) = preSolution
		Debug|Any CPU = Debug|Any CPU
		Release|Any CPU = Release|Any CPU
	EndGlobalSection
	GlobalSection(ProjectConfigurationPlatforms) = postSolution
		{69A3CEA3-0D2D-480A-9370-F3CF4EDA3A38}.Debug|Any CPU.ActiveCfg = Debug|Any CPU
		{69A3CEA3-0D2D-480A-9370-F3CF4EDA3A38}.Debug|Any CPU.Build.0 = Debug|Any CPU
		{69A3CEA3-0D2D-480A-9370-F3CF4EDA3A38}.Release|Any CPU.ActiveCfg = Release|Any CPU
		{69A3CEA3-0D2D-480A-9370-F3CF4EDA3A38}.Release|Any CPU.Build.0 = Release|Any CPU
	EndGlobalSection
	GlobalSection(SolutionProperties) = preSolution
		HideSolutionNode = FALSE
	EndGlobalSection
	GlobalSection(ExtensibilityGlobals) = postSolution
		SolutionGuid = {032A5FF7-329E-40F9-A48D-F74758EABD6F}
	EndGlobalSection
EndGlobal
